
Microsoft Visual Studio Solution File, Format Version 12.00
# Visual Studio Version 17
VisualStudioVersion = 17.4.33205.214
MinimumVisualStudioVersion = 10.0.40219.1
Project("{FAE04EC0-301F-11D3-BF4B-00C04F79EFBC}") = "Combobox", "Combobox.csproj", "{49DFB0A7-7AC2-46FD-B5B2-5AFCA309EAD9}"
EndProject
Global
	GlobalSection(SolutionConfigurationPlatforms) = preSolution
		Debug|Any CPU = Debug|Any CPU
		Release|Any CPU = Release|Any CPU
	EndGlobalSection
	GlobalSection(ProjectConfigurationPlatforms) = postSolution
		{49DFB0A7-7AC2-46FD-B5B2-5AFCA309EAD9}.Debug|Any CPU.ActiveCfg = Debug|Any CPU
		{49DFB0A7-7AC2-46FD-B5B2-5AFCA309EAD9}.Debug|Any CPU.Build.0 = Debug|Any CPU
		{49DFB0A7-7AC2-46FD-B5B2-5AFCA309EAD9}.Release|Any CPU.ActiveCfg = Release|Any CPU
		{49DFB0A7-7AC2-46FD-B5B2-5AFCA309EAD9}.Release|Any CPU.Build.0 = Release|Any CPU
	EndGlobalSection
	GlobalSection(SolutionProperties) = preSolution
		HideSolutionNode = FALSE
	EndGlobalSection
	GlobalSection(ExtensibilityGlobals) = postSolution
		SolutionGuid = {73440C9D-3B98-4AE3-82B5-7A2E7CC42F52}
	EndGlobalSection
EndGlobal
