
Microsoft Visual Studio Solution File, Format Version 12.00
# Visual Studio Version 17
VisualStudioVersion = 17.4.33205.214
MinimumVisualStudioVersion = 10.0.40219.1
Project("{FAE04EC0-301F-11D3-BF4B-00C04F79EFBC}") = "Amigos2", "Amigos2.csproj", "{789191B8-53B7-4C10-A0C0-B777AC074486}"
EndProject
Global
	GlobalSection(SolutionConfigurationPlatforms) = preSolution
		Debug|Any CPU = Debug|Any CPU
		Release|Any CPU = Release|Any CPU
	EndGlobalSection
	GlobalSection(ProjectConfigurationPlatforms) = postSolution
		{789191B8-53B7-4C10-A0C0-B777AC074486}.Debug|Any CPU.ActiveCfg = Debug|Any CPU
		{789191B8-53B7-4C10-A0C0-B777AC074486}.Debug|Any CPU.Build.0 = Debug|Any CPU
		{789191B8-53B7-4C10-A0C0-B777AC074486}.Release|Any CPU.ActiveCfg = Release|Any CPU
		{789191B8-53B7-4C10-A0C0-B777AC074486}.Release|Any CPU.Build.0 = Release|Any CPU
	EndGlobalSection
	GlobalSection(SolutionProperties) = preSolution
		HideSolutionNode = FALSE
	EndGlobalSection
	GlobalSection(ExtensibilityGlobals) = postSolution
		SolutionGuid = {AEBEBF14-5B5A-46E2-8F1F-AA76846CDA5D}
	EndGlobalSection
EndGlobal
