
Microsoft Visual Studio Solution File, Format Version 12.00
# Visual Studio Version 17
VisualStudioVersion = 17.4.33205.214
MinimumVisualStudioVersion = 10.0.40219.1
Project("{FAE04EC0-301F-11D3-BF4B-00C04F79EFBC}") = "ProyectoAmigos", "ProyectoAmigos.csproj", "{FF9CCBAC-C090-4CC7-ABD1-3FA13FCE8FC1}"
EndProject
Global
	GlobalSection(SolutionConfigurationPlatforms) = preSolution
		Debug|Any CPU = Debug|Any CPU
		Release|Any CPU = Release|Any CPU
	EndGlobalSection
	GlobalSection(ProjectConfigurationPlatforms) = postSolution
		{FF9CCBAC-C090-4CC7-ABD1-3FA13FCE8FC1}.Debug|Any CPU.ActiveCfg = Debug|Any CPU
		{FF9CCBAC-C090-4CC7-ABD1-3FA13FCE8FC1}.Debug|Any CPU.Build.0 = Debug|Any CPU
		{FF9CCBAC-C090-4CC7-ABD1-3FA13FCE8FC1}.Release|Any CPU.ActiveCfg = Release|Any CPU
		{FF9CCBAC-C090-4CC7-ABD1-3FA13FCE8FC1}.Release|Any CPU.Build.0 = Release|Any CPU
	EndGlobalSection
	GlobalSection(SolutionProperties) = preSolution
		HideSolutionNode = FALSE
	EndGlobalSection
	GlobalSection(ExtensibilityGlobals) = postSolution
		SolutionGuid = {BD6FF257-9194-419E-B5A6-9EA005B9E074}
	EndGlobalSection
EndGlobal
