
Microsoft Visual Studio Solution File, Format Version 12.00
# Visual Studio Version 17
VisualStudioVersion = 17.4.33205.214
MinimumVisualStudioVersion = 10.0.40219.1
Project("{FAE04EC0-301F-11D3-BF4B-00C04F79EFBC}") = "HolaMundoMYSQL", "HolaMundoMYSQL.csproj", "{7203A192-2884-4351-8BDC-E2B02E661258}"
EndProject
Global
	GlobalSection(SolutionConfigurationPlatforms) = preSolution
		Debug|Any CPU = Debug|Any CPU
		Release|Any CPU = Release|Any CPU
	EndGlobalSection
	GlobalSection(ProjectConfigurationPlatforms) = postSolution
		{7203A192-2884-4351-8BDC-E2B02E661258}.Debug|Any CPU.ActiveCfg = Debug|Any CPU
		{7203A192-2884-4351-8BDC-E2B02E661258}.Debug|Any CPU.Build.0 = Debug|Any CPU
		{7203A192-2884-4351-8BDC-E2B02E661258}.Release|Any CPU.ActiveCfg = Release|Any CPU
		{7203A192-2884-4351-8BDC-E2B02E661258}.Release|Any CPU.Build.0 = Release|Any CPU
	EndGlobalSection
	GlobalSection(SolutionProperties) = preSolution
		HideSolutionNode = FALSE
	EndGlobalSection
	GlobalSection(ExtensibilityGlobals) = postSolution
		SolutionGuid = {9E654692-89A7-43CE-8BB7-F8007F43ABC3}
	EndGlobalSection
EndGlobal
