
Microsoft Visual Studio Solution File, Format Version 12.00
# Visual Studio Version 17
VisualStudioVersion = 17.4.33213.308
MinimumVisualStudioVersion = 10.0.40219.1
Project("{FAE04EC0-301F-11D3-BF4B-00C04F79EFBC}") = "MatchingGame", "MatchingGame\MatchingGame.csproj", "{7B217789-5FC4-44E8-88FB-682F985E7E1C}"
EndProject
Project("{2150E333-8FDC-42A3-9474-1A3956D46DE8}") = "Sonidos", "Sonidos", "{F62BFF81-C84A-4004-9748-2FB036E55788}"
	ProjectSection(SolutionItems) = preProject
		..\..\..\Downloads\boooo.wav = ..\..\..\Downloads\boooo.wav
		..\..\..\Downloads\Carrera.wav = ..\..\..\Downloads\Carrera.wav
	EndProjectSection
EndProject
Global
	GlobalSection(SolutionConfigurationPlatforms) = preSolution
		Debug|Any CPU = Debug|Any CPU
		Release|Any CPU = Release|Any CPU
	EndGlobalSection
	GlobalSection(ProjectConfigurationPlatforms) = postSolution
		{7B217789-5FC4-44E8-88FB-682F985E7E1C}.Debug|Any CPU.ActiveCfg = Debug|Any CPU
		{7B217789-5FC4-44E8-88FB-682F985E7E1C}.Debug|Any CPU.Build.0 = Debug|Any CPU
		{7B217789-5FC4-44E8-88FB-682F985E7E1C}.Release|Any CPU.ActiveCfg = Release|Any CPU
		{7B217789-5FC4-44E8-88FB-682F985E7E1C}.Release|Any CPU.Build.0 = Release|Any CPU
	EndGlobalSection
	GlobalSection(SolutionProperties) = preSolution
		HideSolutionNode = FALSE
	EndGlobalSection
	GlobalSection(ExtensibilityGlobals) = postSolution
		SolutionGuid = {F847E5E4-3C30-4638-90D3-29BD3C4BBC9C}
	EndGlobalSection
EndGlobal
